
Microsoft Visual Studio Solution File, Format Version 12.00
# Visual Studio 15
VisualStudioVersion = 15.0.27130.2020
MinimumVisualStudioVersion = 10.0.40219.1
Project("{FAE04EC0-301F-11D3-BF4B-00C04F79EFBC}") = "RookieDatabase", "RookieDatabase\RookieDatabase.csproj", "{644AC2A3-DF01-47FE-B2F1-17B8C0D12A8D}"
EndProject
Global
	GlobalSection(SolutionConfigurationPlatforms) = preSolution
		Debug|Any CPU = Debug|Any CPU
		Release|Any CPU = Release|Any CPU
	EndGlobalSection
	GlobalSection(ProjectConfigurationPlatforms) = postSolution
		{644AC2A3-DF01-47FE-B2F1-17B8C0D12A8D}.Debug|Any CPU.ActiveCfg = Debug|Any CPU
		{644AC2A3-DF01-47FE-B2F1-17B8C0D12A8D}.Debug|Any CPU.Build.0 = Debug|Any CPU
		{644AC2A3-DF01-47FE-B2F1-17B8C0D12A8D}.Release|Any CPU.ActiveCfg = Release|Any CPU
		{644AC2A3-DF01-47FE-B2F1-17B8C0D12A8D}.Release|Any CPU.Build.0 = Release|Any CPU
	EndGlobalSection
	GlobalSection(SolutionProperties) = preSolution
		HideSolutionNode = FALSE
	EndGlobalSection
	GlobalSection(ExtensibilityGlobals) = postSolution
		SolutionGuid = {AB64BE68-05D8-4E89-A978-A871EEFBC00A}
	EndGlobalSection
EndGlobal
